
Microsoft Visual Studio Solution File, Format Version 12.00
# Visual Studio Version 17
VisualStudioVersion = 17.9.34902.65
MinimumVisualStudioVersion = 10.0.40219.1
Project("{9A19103F-16F7-4668-BE54-9A1E7A4F7556}") = "API", "src\API\API.csproj", "{B13143A8-75ED-44C7-82E6-5638826AE9AD}"
EndProject
Project("{9A19103F-16F7-4668-BE54-9A1E7A4F7556}") = "Domain", "src\Domain\Domain.csproj", "{871D9F61-E34F-49EF-BD65-1C77ABB9E826}"
EndProject
Project("{9A19103F-16F7-4668-BE54-9A1E7A4F7556}") = "Infrastructure", "src\Infrastructure\Infrastructure.csproj", "{10754C09-2465-4FDC-892A-708F7CDFB138}"
EndProject
Project("{FAE04EC0-301F-11D3-BF4B-00C04F79EFBC}") = "Application", "src\Application\Application.csproj", "{BA7C627C-1F72-498E-A91F-88643C329B8E}"
EndProject
Global
	GlobalSection(SolutionConfigurationPlatforms) = preSolution
		Debug|Any CPU = Debug|Any CPU
		Release|Any CPU = Release|Any CPU
	EndGlobalSection
	GlobalSection(ProjectConfigurationPlatforms) = postSolution
		{B13143A8-75ED-44C7-82E6-5638826AE9AD}.Debug|Any CPU.ActiveCfg = Debug|Any CPU
		{B13143A8-75ED-44C7-82E6-5638826AE9AD}.Debug|Any CPU.Build.0 = Debug|Any CPU
		{B13143A8-75ED-44C7-82E6-5638826AE9AD}.Release|Any CPU.ActiveCfg = Release|Any CPU
		{B13143A8-75ED-44C7-82E6-5638826AE9AD}.Release|Any CPU.Build.0 = Release|Any CPU
		{871D9F61-E34F-49EF-BD65-1C77ABB9E826}.Debug|Any CPU.ActiveCfg = Debug|Any CPU
		{871D9F61-E34F-49EF-BD65-1C77ABB9E826}.Debug|Any CPU.Build.0 = Debug|Any CPU
		{871D9F61-E34F-49EF-BD65-1C77ABB9E826}.Release|Any CPU.ActiveCfg = Release|Any CPU
		{871D9F61-E34F-49EF-BD65-1C77ABB9E826}.Release|Any CPU.Build.0 = Release|Any CPU
		{10754C09-2465-4FDC-892A-708F7CDFB138}.Debug|Any CPU.ActiveCfg = Debug|Any CPU
		{10754C09-2465-4FDC-892A-708F7CDFB138}.Debug|Any CPU.Build.0 = Debug|Any CPU
		{10754C09-2465-4FDC-892A-708F7CDFB138}.Release|Any CPU.ActiveCfg = Release|Any CPU
		{10754C09-2465-4FDC-892A-708F7CDFB138}.Release|Any CPU.Build.0 = Release|Any CPU
		{BA7C627C-1F72-498E-A91F-88643C329B8E}.Debug|Any CPU.ActiveCfg = Debug|Any CPU
		{BA7C627C-1F72-498E-A91F-88643C329B8E}.Debug|Any CPU.Build.0 = Debug|Any CPU
		{BA7C627C-1F72-498E-A91F-88643C329B8E}.Release|Any CPU.ActiveCfg = Release|Any CPU
		{BA7C627C-1F72-498E-A91F-88643C329B8E}.Release|Any CPU.Build.0 = Release|Any CPU
	EndGlobalSection
	GlobalSection(SolutionProperties) = preSolution
		HideSolutionNode = FALSE
	EndGlobalSection
	GlobalSection(ExtensibilityGlobals) = postSolution
		SolutionGuid = {BF4FB874-76C7-49B4-B11F-08577669746B}
	EndGlobalSection
EndGlobal
